
Microsoft Visual Studio Solution File, Format Version 12.00
# Visual Studio 2015
Project("{FAE04EC0-301F-11D3-BF4B-00C04F79EFBC}") = "Platform1.CSharp.Plugins", "Platform1.CSharp.Plugins.csproj", "{D80615D7-705F-19E7-C699-6D22269D01E5}"
EndProject
Project("{FAE04EC0-301F-11D3-BF4B-00C04F79EFBC}") = "Platform1.CSharp", "Platform1.CSharp.csproj", "{F7D8F69A-3633-C105-058D-137046879877}"
EndProject
Project("{FAE04EC0-301F-11D3-BF4B-00C04F79EFBC}") = "Platform1.CSharp.Editor.Plugins", "Platform1.CSharp.Editor.Plugins.csproj", "{99ACC68F-0ACF-2423-695A-B7A5C5E22190}"
EndProject
Global
	GlobalSection(SolutionConfigurationPlatforms) = preSolution
		Debug|Any CPU = Debug|Any CPU
		Release|Any CPU = Release|Any CPU
	EndGlobalSection
	GlobalSection(ProjectConfigurationPlatforms) = postSolution
		{D80615D7-705F-19E7-C699-6D22269D01E5}.Debug|Any CPU.ActiveCfg = Debug|Any CPU
		{D80615D7-705F-19E7-C699-6D22269D01E5}.Debug|Any CPU.Build.0 = Debug|Any CPU
		{D80615D7-705F-19E7-C699-6D22269D01E5}.Release|Any CPU.ActiveCfg = Release|Any CPU
		{D80615D7-705F-19E7-C699-6D22269D01E5}.Release|Any CPU.Build.0 = Release|Any CPU
		{F7D8F69A-3633-C105-058D-137046879877}.Debug|Any CPU.ActiveCfg = Debug|Any CPU
		{F7D8F69A-3633-C105-058D-137046879877}.Debug|Any CPU.Build.0 = Debug|Any CPU
		{F7D8F69A-3633-C105-058D-137046879877}.Release|Any CPU.ActiveCfg = Release|Any CPU
		{F7D8F69A-3633-C105-058D-137046879877}.Release|Any CPU.Build.0 = Release|Any CPU
		{99ACC68F-0ACF-2423-695A-B7A5C5E22190}.Debug|Any CPU.ActiveCfg = Debug|Any CPU
		{99ACC68F-0ACF-2423-695A-B7A5C5E22190}.Debug|Any CPU.Build.0 = Debug|Any CPU
		{99ACC68F-0ACF-2423-695A-B7A5C5E22190}.Release|Any CPU.ActiveCfg = Release|Any CPU
		{99ACC68F-0ACF-2423-695A-B7A5C5E22190}.Release|Any CPU.Build.0 = Release|Any CPU
	EndGlobalSection
	GlobalSection(SolutionProperties) = preSolution
		HideSolutionNode = FALSE
	EndGlobalSection
EndGlobal
